// !$*UTF8*$!
{
	archiveVersion = 1;
	classes = {
	};
	objectVersion = 56;
	objects = {

/* Begin PBXBuildFile section */
		B9159A6C29EDFED3005046DF /* Camera.swift in Sources */ = {isa = PBXBuildFile; fileRef = B9159A6B29EDFED3005046DF /* Camera.swift */; };
		B9159A6E29EE0F78005046DF /* CameraPreview.swift in Sources */ = {isa = PBXBuildFile; fileRef = B9159A6D29EE0F78005046DF /* CameraPreview.swift */; };
		B9159AB129FA1AC1005046DF /* Detector.swift in Sources */ = {isa = PBXBuildFile; fileRef = B9159AB029FA1AC1005046DF /* Detector.swift */; };
		B92403DF2A3B98B400495EFC /* best.mlmodel in Sources */ = {isa = PBXBuildFile; fileRef = B92403DE2A3B98B400495EFC /* best.mlmodel */; };
		B92403E12A3B99BA00495EFC /* another.mlmodel in Sources */ = {isa = PBXBuildFile; fileRef = B92403E02A3B99BA00495EFC /* another.mlmodel */; };
		B9DF791B29DE1E550019C0E5 /* SharkSpottingApp.swift in Sources */ = {isa = PBXBuildFile; fileRef = B9DF791A29DE1E550019C0E5 /* SharkSpottingApp.swift */; };
		B9DF791D29DE1E550019C0E5 /* ContentView.swift in Sources */ = {isa = PBXBuildFile; fileRef = B9DF791C29DE1E550019C0E5 /* ContentView.swift */; };
		B9DF791F29DE1E560019C0E5 /* Assets.xcassets in Resources */ = {isa = PBXBuildFile; fileRef = B9DF791E29DE1E560019C0E5 /* Assets.xcassets */; };
		B9DF792229DE1E560019C0E5 /* Preview Assets.xcassets in Resources */ = {isa = PBXBuildFile; fileRef = B9DF792129DE1E560019C0E5 /* Preview Assets.xcassets */; };
		B9DF792C29DE1E560019C0E5 /* SharkSpottingTests.swift in Sources */ = {isa = PBXBuildFile; fileRef = B9DF792B29DE1E560019C0E5 /* SharkSpottingTests.swift */; };
		B9DF793629DE1E560019C0E5 /* SharkSpottingUITests.swift in Sources */ = {isa = PBXBuildFile; fileRef = B9DF793529DE1E560019C0E5 /* SharkSpottingUITests.swift */; };
		B9DF793829DE1E560019C0E5 /* SharkSpottingUITestsLaunchTests.swift in Sources */ = {isa = PBXBuildFile; fileRef = B9DF793729DE1E560019C0E5 /* SharkSpottingUITestsLaunchTests.swift */; };
		F453F05E2A80447B00BC43D2 /* DetectorRefactored.swift in Sources */ = {isa = PBXBuildFile; fileRef = F453F05D2A80447B00BC43D2 /* DetectorRefactored.swift */; };
		F47B00862A9458FE00A950E9 /* cow_best.mlmodel in Sources */ = {isa = PBXBuildFile; fileRef = F47B00852A9458FE00A950E9 /* cow_best.mlmodel */; };
/* End PBXBuildFile section */

/* Begin PBXContainerItemProxy section */
		B9DF792829DE1E560019C0E5 /* PBXContainerItemProxy */ = {
			isa = PBXContainerItemProxy;
			containerPortal = B9DF790F29DE1E550019C0E5 /* Project object */;
			proxyType = 1;
			remoteGlobalIDString = B9DF791629DE1E550019C0E5;
			remoteInfo = SharkSpotting;
		};
		B9DF793229DE1E560019C0E5 /* PBXContainerItemProxy */ = {
			isa = PBXContainerItemProxy;
			containerPortal = B9DF790F29DE1E550019C0E5 /* Project object */;
			proxyType = 1;
			remoteGlobalIDString = B9DF791629DE1E550019C0E5;
			remoteInfo = SharkSpotting;
		};
/* End PBXContainerItemProxy section */

/* Begin PBXFileReference section */
		B9159A6B29EDFED3005046DF /* Camera.swift */ = {isa = PBXFileReference; lastKnownFileType = sourcecode.swift; path = Camera.swift; sourceTree = "<group>"; };
		B9159A6D29EE0F78005046DF /* CameraPreview.swift */ = {isa = PBXFileReference; lastKnownFileType = sourcecode.swift; path = CameraPreview.swift; sourceTree = "<group>"; };
		B9159AB029FA1AC1005046DF /* Detector.swift */ = {isa = PBXFileReference; lastKnownFileType = sourcecode.swift; path = Detector.swift; sourceTree = "<group>"; };
		B92403DE2A3B98B400495EFC /* best.mlmodel */ = {isa = PBXFileReference; lastKnownFileType = file.mlmodel; path = best.mlmodel; sourceTree = "<group>"; };
		B92403E02A3B99BA00495EFC /* another.mlmodel */ = {isa = PBXFileReference; lastKnownFileType = file.mlmodel; path = another.mlmodel; sourceTree = "<group>"; };
		B9DF791729DE1E550019C0E5 /* SharkSpotting.app */ = {isa = PBXFileReference; explicitFileType = wrapper.application; includeInIndex = 0; path = SharkSpotting.app; sourceTree = BUILT_PRODUCTS_DIR; };
		B9DF791A29DE1E550019C0E5 /* SharkSpottingApp.swift */ = {isa = PBXFileReference; lastKnownFileType = sourcecode.swift; path = SharkSpottingApp.swift; sourceTree = "<group>"; };
		B9DF791C29DE1E550019C0E5 /* ContentView.swift */ = {isa = PBXFileReference; lastKnownFileType = sourcecode.swift; path = ContentView.swift; sourceTree = "<group>"; };
		B9DF791E29DE1E560019C0E5 /* Assets.xcassets */ = {isa = PBXFileReference; lastKnownFileType = folder.assetcatalog; path = Assets.xcassets; sourceTree = "<group>"; };
		B9DF792129DE1E560019C0E5 /* Preview Assets.xcassets */ = {isa = PBXFileReference; lastKnownFileType = folder.assetcatalog; path = "Preview Assets.xcassets"; sourceTree = "<group>"; };
		B9DF792729DE1E560019C0E5 /* SharkSpottingTests.xctest */ = {isa = PBXFileReference; explicitFileType = wrapper.cfbundle; includeInIndex = 0; path = SharkSpottingTests.xctest; sourceTree = BUILT_PRODUCTS_DIR; };
		B9DF792B29DE1E560019C0E5 /* SharkSpottingTests.swift */ = {isa = PBXFileReference; lastKnownFileType = sourcecode.swift; path = SharkSpottingTests.swift; sourceTree = "<group>"; };
		B9DF793129DE1E560019C0E5 /* SharkSpottingUITests.xctest */ = {isa = PBXFileReference; explicitFileType = wrapper.cfbundle; includeInIndex = 0; path = SharkSpottingUITests.xctest; sourceTree = BUILT_PRODUCTS_DIR; };
		B9DF793529DE1E560019C0E5 /* SharkSpottingUITests.swift */ = {isa = PBXFileReference; lastKnownFileType = sourcecode.swift; path = SharkSpottingUITests.swift; sourceTree = "<group>"; };
		B9DF793729DE1E560019C0E5 /* SharkSpottingUITestsLaunchTests.swift */ = {isa = PBXFileReference; lastKnownFileType = sourcecode.swift; path = SharkSpottingUITestsLaunchTests.swift; sourceTree = "<group>"; };
		F453F05D2A80447B00BC43D2 /* DetectorRefactored.swift */ = {isa = PBXFileReference; lastKnownFileType = sourcecode.swift; path = DetectorRefactored.swift; sourceTree = "<group>"; };
		F47B00852A9458FE00A950E9 /* cow_best.mlmodel */ = {isa = PBXFileReference; lastKnownFileType = file.mlmodel; path = cow_best.mlmodel; sourceTree = "<group>"; };
/* End PBXFileReference section */

/* Begin PBXFrameworksBuildPhase section */
		B9DF791429DE1E550019C0E5 /* Frameworks */ = {
			isa = PBXFrameworksBuildPhase;
			buildActionMask = 2147483647;
			files = (
			);
			runOnlyForDeploymentPostprocessing = 0;
		};
		B9DF792429DE1E560019C0E5 /* Frameworks */ = {
			isa = PBXFrameworksBuildPhase;
			buildActionMask = 2147483647;
			files = (
			);
			runOnlyForDeploymentPostprocessing = 0;
		};
		B9DF792E29DE1E560019C0E5 /* Frameworks */ = {
			isa = PBXFrameworksBuildPhase;
			buildActionMask = 2147483647;
			files = (
			);
			runOnlyForDeploymentPostprocessing = 0;
		};
/* End PBXFrameworksBuildPhase section */

/* Begin PBXGroup section */
		B9159A7129EE25CA005046DF /* Models */ = {
			isa = PBXGroup;
			children = (
				B92403DE2A3B98B400495EFC /* best.mlmodel */,
				F47B00852A9458FE00A950E9 /* cow_best.mlmodel */,
				B92403E02A3B99BA00495EFC /* another.mlmodel */,
			);
			path = Models;
			sourceTree = "<group>";
		};
		B9159A7229EE25D4005046DF /* Camera */ = {
			isa = PBXGroup;
			children = (
				B9159A6D29EE0F78005046DF /* CameraPreview.swift */,
				B9159A6B29EDFED3005046DF /* Camera.swift */,
				B9159AB029FA1AC1005046DF /* Detector.swift */,
				F453F05D2A80447B00BC43D2 /* DetectorRefactored.swift */,
			);
			path = Camera;
			sourceTree = "<group>";
		};
		B9DF790E29DE1E550019C0E5 = {
			isa = PBXGroup;
			children = (
				B9DF791929DE1E550019C0E5 /* SharkSpotting */,
				B9DF792A29DE1E560019C0E5 /* SharkSpottingTests */,
				B9DF793429DE1E560019C0E5 /* SharkSpottingUITests */,
				B9DF791829DE1E550019C0E5 /* Products */,
			);
			sourceTree = "<group>";
		};
		B9DF791829DE1E550019C0E5 /* Products */ = {
			isa = PBXGroup;
			children = (
				B9DF791729DE1E550019C0E5 /* SharkSpotting.app */,
				B9DF792729DE1E560019C0E5 /* SharkSpottingTests.xctest */,
				B9DF793129DE1E560019C0E5 /* SharkSpottingUITests.xctest */,
			);
			name = Products;
			sourceTree = "<group>";
		};
		B9DF791929DE1E550019C0E5 /* SharkSpotting */ = {
			isa = PBXGroup;
			children = (
				B9159A7229EE25D4005046DF /* Camera */,
				B9159A7129EE25CA005046DF /* Models */,
				B9DF791A29DE1E550019C0E5 /* SharkSpottingApp.swift */,
				B9DF791C29DE1E550019C0E5 /* ContentView.swift */,
				B9DF791E29DE1E560019C0E5 /* Assets.xcassets */,
				B9DF792029DE1E560019C0E5 /* Preview Content */,
			);
			path = SharkSpotting;
			sourceTree = "<group>";
		};
		B9DF792029DE1E560019C0E5 /* Preview Content */ = {
			isa = PBXGroup;
			children = (
				B9DF792129DE1E560019C0E5 /* Preview Assets.xcassets */,
			);
			path = "Preview Content";
			sourceTree = "<group>";
		};
		B9DF792A29DE1E560019C0E5 /* SharkSpottingTests */ = {
			isa = PBXGroup;
			children = (
				B9DF792B29DE1E560019C0E5 /* SharkSpottingTests.swift */,
			);
			path = SharkSpottingTests;
			sourceTree = "<group>";
		};
		B9DF793429DE1E560019C0E5 /* SharkSpottingUITests */ = {
			isa = PBXGroup;
			children = (
				B9DF793529DE1E560019C0E5 /* SharkSpottingUITests.swift */,
				B9DF793729DE1E560019C0E5 /* SharkSpottingUITestsLaunchTests.swift */,
			);
			path = SharkSpottingUITests;
			sourceTree = "<group>";
		};
/* End PBXGroup section */

/* Begin PBXNativeTarget section */
		B9DF791629DE1E550019C0E5 /* SharkSpotting */ = {
			isa = PBXNativeTarget;
			buildConfigurationList = B9DF793B29DE1E560019C0E5 /* Build configuration list for PBXNativeTarget "SharkSpotting" */;
			buildPhases = (
				B9DF791329DE1E550019C0E5 /* Sources */,
				B9DF791429DE1E550019C0E5 /* Frameworks */,
				B9DF791529DE1E550019C0E5 /* Resources */,
			);
			buildRules = (
			);
			dependencies = (
			);
			name = SharkSpotting;
			productName = SharkSpotting;
			productReference = B9DF791729DE1E550019C0E5 /* SharkSpotting.app */;
			productType = "com.apple.product-type.application";
		};
		B9DF792629DE1E560019C0E5 /* SharkSpottingTests */ = {
			isa = PBXNativeTarget;
			buildConfigurationList = B9DF793E29DE1E560019C0E5 /* Build configuration list for PBXNativeTarget "SharkSpottingTests" */;
			buildPhases = (
				B9DF792329DE1E560019C0E5 /* Sources */,
				B9DF792429DE1E560019C0E5 /* Frameworks */,
				B9DF792529DE1E560019C0E5 /* Resources */,
			);
			buildRules = (
			);
			dependencies = (
				B9DF792929DE1E560019C0E5 /* PBXTargetDependency */,
			);
			name = SharkSpottingTests;
			productName = SharkSpottingTests;
			productReference = B9DF792729DE1E560019C0E5 /* SharkSpottingTests.xctest */;
			productType = "com.apple.product-type.bundle.unit-test";
		};
		B9DF793029DE1E560019C0E5 /* SharkSpottingUITests */ = {
			isa = PBXNativeTarget;
			buildConfigurationList = B9DF794129DE1E560019C0E5 /* Build configuration list for PBXNativeTarget "SharkSpottingUITests" */;
			buildPhases = (
				B9DF792D29DE1E560019C0E5 /* Sources */,
				B9DF792E29DE1E560019C0E5 /* Frameworks */,
				B9DF792F29DE1E560019C0E5 /* Resources */,
			);
			buildRules = (
			);
			dependencies = (
				B9DF793329DE1E560019C0E5 /* PBXTargetDependency */,
			);
			name = SharkSpottingUITests;
			productName = SharkSpottingUITests;
			productReference = B9DF793129DE1E560019C0E5 /* SharkSpottingUITests.xctest */;
			productType = "com.apple.product-type.bundle.ui-testing";
		};
/* End PBXNativeTarget section */

/* Begin PBXProject section */
		B9DF790F29DE1E550019C0E5 /* Project object */ = {
			isa = PBXProject;
			attributes = {
				BuildIndependentTargetsInParallel = 1;
				LastSwiftUpdateCheck = 1430;
				LastUpgradeCheck = 1430;
				TargetAttributes = {
					B9DF791629DE1E550019C0E5 = {
						CreatedOnToolsVersion = 14.3;
					};
					B9DF792629DE1E560019C0E5 = {
						CreatedOnToolsVersion = 14.3;
						TestTargetID = B9DF791629DE1E550019C0E5;
					};
					B9DF793029DE1E560019C0E5 = {
						CreatedOnToolsVersion = 14.3;
						TestTargetID = B9DF791629DE1E550019C0E5;
					};
				};
			};
			buildConfigurationList = B9DF791229DE1E550019C0E5 /* Build configuration list for PBXProject "SharkSpotting" */;
			compatibilityVersion = "Xcode 14.0";
			developmentRegion = en;
			hasScannedForEncodings = 0;
			knownRegions = (
				en,
				Base,
			);
			mainGroup = B9DF790E29DE1E550019C0E5;
			productRefGroup = B9DF791829DE1E550019C0E5 /* Products */;
			projectDirPath = "";
			projectRoot = "";
			targets = (
				B9DF791629DE1E550019C0E5 /* SharkSpotting */,
				B9DF792629DE1E560019C0E5 /* SharkSpottingTests */,
				B9DF793029DE1E560019C0E5 /* SharkSpottingUITests */,
			);
		};
/* End PBXProject section */

/* Begin PBXResourcesBuildPhase section */
		B9DF791529DE1E550019C0E5 /* Resources */ = {
			isa = PBXResourcesBuildPhase;
			buildActionMask = 2147483647;
			files = (
				B9DF792229DE1E560019C0E5 /* Preview Assets.xcassets in Resources */,
				B9DF791F29DE1E560019C0E5 /* Assets.xcassets in Resources */,
			);
			runOnlyForDeploymentPostprocessing = 0;
		};
		B9DF792529DE1E560019C0E5 /* Resources */ = {
			isa = PBXResourcesBuildPhase;
			buildActionMask = 2147483647;
			files = (
			);
			runOnlyForDeploymentPostprocessing = 0;
		};
		B9DF792F29DE1E560019C0E5 /* Resources */ = {
			isa = PBXResourcesBuildPhase;
			buildActionMask = 2147483647;
			files = (
			);
			runOnlyForDeploymentPostprocessing = 0;
		};
/* End PBXResourcesBuildPhase section */

/* Begin PBXSourcesBuildPhase section */
		B9DF791329DE1E550019C0E5 /* Sources */ = {
			isa = PBXSourcesBuildPhase;
			buildActionMask = 2147483647;
			files = (
				B9DF791D29DE1E550019C0E5 /* ContentView.swift in Sources */,
				B9159A6E29EE0F78005046DF /* CameraPreview.swift in Sources */,
				B9DF791B29DE1E550019C0E5 /* SharkSpottingApp.swift in Sources */,
				B92403E12A3B99BA00495EFC /* another.mlmodel in Sources */,
				F453F05E2A80447B00BC43D2 /* DetectorRefactored.swift in Sources */,
				B92403DF2A3B98B400495EFC /* best.mlmodel in Sources */,
				B9159A6C29EDFED3005046DF /* Camera.swift in Sources */,
				F47B00862A9458FE00A950E9 /* cow_best.mlmodel in Sources */,
				B9159AB129FA1AC1005046DF /* Detector.swift in Sources */,
			);
			runOnlyForDeploymentPostprocessing = 0;
		};
		B9DF792329DE1E560019C0E5 /* Sources */ = {
			isa = PBXSourcesBuildPhase;
			buildActionMask = 2147483647;
			files = (
				B9DF792C29DE1E560019C0E5 /* SharkSpottingTests.swift in Sources */,
			);
			runOnlyForDeploymentPostprocessing = 0;
		};
		B9DF792D29DE1E560019C0E5 /* Sources */ = {
			isa = PBXSourcesBuildPhase;
			buildActionMask = 2147483647;
			files = (
				B9DF793829DE1E560019C0E5 /* SharkSpottingUITestsLaunchTests.swift in Sources */,
				B9DF793629DE1E560019C0E5 /* SharkSpottingUITests.swift in Sources */,
			);
			runOnlyForDeploymentPostprocessing = 0;
		};
/* End PBXSourcesBuildPhase section */

/* Begin PBXTargetDependency section */
		B9DF792929DE1E560019C0E5 /* PBXTargetDependency */ = {
			isa = PBXTargetDependency;
			target = B9DF791629DE1E550019C0E5 /* SharkSpotting */;
			targetProxy = B9DF792829DE1E560019C0E5 /* PBXContainerItemProxy */;
		};
		B9DF793329DE1E560019C0E5 /* PBXTargetDependency */ = {
			isa = PBXTargetDependency;
			target = B9DF791629DE1E550019C0E5 /* SharkSpotting */;
			targetProxy = B9DF793229DE1E560019C0E5 /* PBXContainerItemProxy */;
		};
/* End PBXTargetDependency section */

/* Begin XCBuildConfiguration section */
		B9DF793929DE1E560019C0E5 /* Debug */ = {
			isa = XCBuildConfiguration;
			buildSettings = {
				ALWAYS_SEARCH_USER_PATHS = NO;
				CLANG_ANALYZER_NONNULL = YES;
				CLANG_ANALYZER_NUMBER_OBJECT_CONVERSION = YES_AGGRESSIVE;
				CLANG_CXX_LANGUAGE_STANDARD = "gnu++20";
				CLANG_ENABLE_MODULES = YES;
				CLANG_ENABLE_OBJC_ARC = YES;
				CLANG_ENABLE_OBJC_WEAK = YES;
				CLANG_WARN_BLOCK_CAPTURE_AUTORELEASING = YES;
				CLANG_WARN_BOOL_CONVERSION = YES;
				CLANG_WARN_COMMA = YES;
				CLANG_WARN_CONSTANT_CONVERSION = YES;
				CLANG_WARN_DEPRECATED_OBJC_IMPLEMENTATIONS = YES;
				CLANG_WARN_DIRECT_OBJC_ISA_USAGE = YES_ERROR;
				CLANG_WARN_DOCUMENTATION_COMMENTS = YES;
				CLANG_WARN_EMPTY_BODY = YES;
				CLANG_WARN_ENUM_CONVERSION = YES;
				CLANG_WARN_INFINITE_RECURSION = YES;
				CLANG_WARN_INT_CONVERSION = YES;
				CLANG_WARN_NON_LITERAL_NULL_CONVERSION = YES;
				CLANG_WARN_OBJC_IMPLICIT_RETAIN_SELF = YES;
				CLANG_WARN_OBJC_LITERAL_CONVERSION = YES;
				CLANG_WARN_OBJC_ROOT_CLASS = YES_ERROR;
				CLANG_WARN_QUOTED_INCLUDE_IN_FRAMEWORK_HEADER = YES;
				CLANG_WARN_RANGE_LOOP_ANALYSIS = YES;
				CLANG_WARN_STRICT_PROTOTYPES = YES;
				CLANG_WARN_SUSPICIOUS_MOVE = YES;
				CLANG_WARN_UNGUARDED_AVAILABILITY = YES_AGGRESSIVE;
				CLANG_WARN_UNREACHABLE_CODE = YES;
				CLANG_WARN__DUPLICATE_METHOD_MATCH = YES;
				COPY_PHASE_STRIP = NO;
				DEBUG_INFORMATION_FORMAT = dwarf;
				ENABLE_STRICT_OBJC_MSGSEND = YES;
				ENABLE_TESTABILITY = YES;
				GCC_C_LANGUAGE_STANDARD = gnu11;
				GCC_DYNAMIC_NO_PIC = NO;
				GCC_NO_COMMON_BLOCKS = YES;
				GCC_OPTIMIZATION_LEVEL = 0;
				GCC_PREPROCESSOR_DEFINITIONS = (
					"DEBUG=1",
					"$(inherited)",
				);
				GCC_WARN_64_TO_32_BIT_CONVERSION = YES;
				GCC_WARN_ABOUT_RETURN_TYPE = YES_ERROR;
				GCC_WARN_UNDECLARED_SELECTOR = YES;
				GCC_WARN_UNINITIALIZED_AUTOS = YES_AGGRESSIVE;
				GCC_WARN_UNUSED_FUNCTION = YES;
				GCC_WARN_UNUSED_VARIABLE = YES;
				IPHONEOS_DEPLOYMENT_TARGET = 16.4;
				MTL_ENABLE_DEBUG_INFO = INCLUDE_SOURCE;
				MTL_FAST_MATH = YES;
				ONLY_ACTIVE_ARCH = YES;
				SDKROOT = iphoneos;
				SWIFT_ACTIVE_COMPILATION_CONDITIONS = DEBUG;
				SWIFT_OPTIMIZATION_LEVEL = "-Onone";
			};
			name = Debug;
		};
		B9DF793A29DE1E560019C0E5 /* Release */ = {
			isa = XCBuildConfiguration;
			buildSettings = {
				ALWAYS_SEARCH_USER_PATHS = NO;
				CLANG_ANALYZER_NONNULL = YES;
				CLANG_ANALYZER_NUMBER_OBJECT_CONVERSION = YES_AGGRESSIVE;
				CLANG_CXX_LANGUAGE_STANDARD = "gnu++20";
				CLANG_ENABLE_MODULES = YES;
				CLANG_ENABLE_OBJC_ARC = YES;
				CLANG_ENABLE_OBJC_WEAK = YES;
				CLANG_WARN_BLOCK_CAPTURE_AUTORELEASING = YES;
				CLANG_WARN_BOOL_CONVERSION = YES;
				CLANG_WARN_COMMA = YES;
				CLANG_WARN_CONSTANT_CONVERSION = YES;
				CLANG_WARN_DEPRECATED_OBJC_IMPLEMENTATIONS = YES;
				CLANG_WARN_DIRECT_OBJC_ISA_USAGE = YES_ERROR;
				CLANG_WARN_DOCUMENTATION_COMMENTS = YES;
				CLANG_WARN_EMPTY_BODY = YES;
				CLANG_WARN_ENUM_CONVERSION = YES;
				CLANG_WARN_INFINITE_RECURSION = YES;
				CLANG_WARN_INT_CONVERSION = YES;
				CLANG_WARN_NON_LITERAL_NULL_CONVERSION = YES;
				CLANG_WARN_OBJC_IMPLICIT_RETAIN_SELF = YES;
				CLANG_WARN_OBJC_LITERAL_CONVERSION = YES;
				CLANG_WARN_OBJC_ROOT_CLASS = YES_ERROR;
				CLANG_WARN_QUOTED_INCLUDE_IN_FRAMEWORK_HEADER = YES;
				CLANG_WARN_RANGE_LOOP_ANALYSIS = YES;
				CLANG_WARN_STRICT_PROTOTYPES = YES;
				CLANG_WARN_SUSPICIOUS_MOVE = YES;
				CLANG_WARN_UNGUARDED_AVAILABILITY = YES_AGGRESSIVE;
				CLANG_WARN_UNREACHABLE_CODE = YES;
				CLANG_WARN__DUPLICATE_METHOD_MATCH = YES;
				COPY_PHASE_STRIP = NO;
				DEBUG_INFORMATION_FORMAT = "dwarf-with-dsym";
				ENABLE_NS_ASSERTIONS = NO;
				ENABLE_STRICT_OBJC_MSGSEND = YES;
				GCC_C_LANGUAGE_STANDARD = gnu11;
				GCC_NO_COMMON_BLOCKS = YES;
				GCC_WARN_64_TO_32_BIT_CONVERSION = YES;
				GCC_WARN_ABOUT_RETURN_TYPE = YES_ERROR;
				GCC_WARN_UNDECLARED_SELECTOR = YES;
				GCC_WARN_UNINITIALIZED_AUTOS = YES_AGGRESSIVE;
				GCC_WARN_UNUSED_FUNCTION = YES;
				GCC_WARN_UNUSED_VARIABLE = YES;
				IPHONEOS_DEPLOYMENT_TARGET = 16.4;
				MTL_ENABLE_DEBUG_INFO = NO;
				MTL_FAST_MATH = YES;
				SDKROOT = iphoneos;
				SWIFT_COMPILATION_MODE = wholemodule;
				SWIFT_OPTIMIZATION_LEVEL = "-O";
				VALIDATE_PRODUCT = YES;
			};
			name = Release;
		};
		B9DF793C29DE1E560019C0E5 /* Debug */ = {
			isa = XCBuildConfiguration;
			buildSettings = {
				ASSETCATALOG_COMPILER_APPICON_NAME = AppIcon;
				ASSETCATALOG_COMPILER_GLOBAL_ACCENT_COLOR_NAME = AccentColor;
				CODE_SIGN_STYLE = Automatic;
				CURRENT_PROJECT_VERSION = 1;
				DEVELOPMENT_ASSET_PATHS = "\"SharkSpotting/Preview Content\"";
				DEVELOPMENT_TEAM = FHNPRXQRW2;
				ENABLE_PREVIEWS = YES;
				GENERATE_INFOPLIST_FILE = YES;
				INFOPLIST_KEY_NSCameraUsageDescription = "SharkSpotting uses the camera for detecting sharks";
				INFOPLIST_KEY_NSPhotoLibraryUsageDescription = "SharkSpotting uses the photo library to save captured video";
				INFOPLIST_KEY_UIApplicationSceneManifest_Generation = YES;
				INFOPLIST_KEY_UIApplicationSupportsIndirectInputEvents = YES;
				INFOPLIST_KEY_UILaunchScreen_Generation = YES;
				INFOPLIST_KEY_UISupportedInterfaceOrientations_iPad = "UIInterfaceOrientationPortrait UIInterfaceOrientationPortraitUpsideDown UIInterfaceOrientationLandscapeLeft UIInterfaceOrientationLandscapeRight";
				INFOPLIST_KEY_UISupportedInterfaceOrientations_iPhone = "UIInterfaceOrientationPortrait UIInterfaceOrientationLandscapeLeft UIInterfaceOrientationLandscapeRight";
				LD_RUNPATH_SEARCH_PATHS = (
					"$(inherited)",
					"@executable_path/Frameworks",
				);
				MARKETING_VERSION = 1.0;
				PRODUCT_BUNDLE_IDENTIFIER = calpoly.SharkSpotting;
				PRODUCT_NAME = "$(TARGET_NAME)";
				SWIFT_EMIT_LOC_STRINGS = YES;
				SWIFT_VERSION = 5.0;
				TARGETED_DEVICE_FAMILY = "1,2";
			};
			name = Debug;
		};
		B9DF793D29DE1E560019C0E5 /* Release */ = {
			isa = XCBuildConfiguration;
			buildSettings = {
				ASSETCATALOG_COMPILER_APPICON_NAME = AppIcon;
				ASSETCATALOG_COMPILER_GLOBAL_ACCENT_COLOR_NAME = AccentColor;
				CODE_SIGN_STYLE = Automatic;
				CURRENT_PROJECT_VERSION = 1;
				DEVELOPMENT_ASSET_PATHS = "\"SharkSpotting/Preview Content\"";
				DEVELOPMENT_TEAM = FHNPRXQRW2;
				ENABLE_PREVIEWS = YES;
				GENERATE_INFOPLIST_FILE = YES;
				INFOPLIST_KEY_NSCameraUsageDescription = "SharkSpotting uses the camera for detecting sharks";
				INFOPLIST_KEY_NSPhotoLibraryUsageDescription = "SharkSpotting uses the photo library to save captured video";
				INFOPLIST_KEY_UIApplicationSceneManifest_Generation = YES;
				INFOPLIST_KEY_UIApplicationSupportsIndirectInputEvents = YES;
				INFOPLIST_KEY_UILaunchScreen_Generation = YES;
				INFOPLIST_KEY_UISupportedInterfaceOrientations_iPad = "UIInterfaceOrientationPortrait UIInterfaceOrientationPortraitUpsideDown UIInterfaceOrientationLandscapeLeft UIInterfaceOrientationLandscapeRight";
				INFOPLIST_KEY_UISupportedInterfaceOrientations_iPhone = "UIInterfaceOrientationPortrait UIInterfaceOrientationLandscapeLeft UIInterfaceOrientationLandscapeRight";
				LD_RUNPATH_SEARCH_PATHS = (
					"$(inherited)",
					"@executable_path/Frameworks",
				);
				MARKETING_VERSION = 1.0;
				PRODUCT_BUNDLE_IDENTIFIER = calpoly.SharkSpotting;
				PRODUCT_NAME = "$(TARGET_NAME)";
				SWIFT_EMIT_LOC_STRINGS = YES;
				SWIFT_VERSION = 5.0;
				TARGETED_DEVICE_FAMILY = "1,2";
			};
			name = Release;
		};
		B9DF793F29DE1E560019C0E5 /* Debug */ = {
			isa = XCBuildConfiguration;
			buildSettings = {
				ALWAYS_EMBED_SWIFT_STANDARD_LIBRARIES = YES;
				BUNDLE_LOADER = "$(TEST_HOST)";
				CODE_SIGN_STYLE = Automatic;
				CURRENT_PROJECT_VERSION = 1;
				GENERATE_INFOPLIST_FILE = YES;
				IPHONEOS_DEPLOYMENT_TARGET = 16.4;
				MARKETING_VERSION = 1.0;
				PRODUCT_BUNDLE_IDENTIFIER = calpoly.SharkSpottingTests;
				PRODUCT_NAME = "$(TARGET_NAME)";
				SWIFT_EMIT_LOC_STRINGS = NO;
				SWIFT_VERSION = 5.0;
				TARGETED_DEVICE_FAMILY = "1,2";
				TEST_HOST = "$(BUILT_PRODUCTS_DIR)/SharkSpotting.app/$(BUNDLE_EXECUTABLE_FOLDER_PATH)/SharkSpotting";
			};
			name = Debug;
		};
		B9DF794029DE1E560019C0E5 /* Release */ = {
			isa = XCBuildConfiguration;
			buildSettings = {
				ALWAYS_EMBED_SWIFT_STANDARD_LIBRARIES = YES;
				BUNDLE_LOADER = "$(TEST_HOST)";
				CODE_SIGN_STYLE = Automatic;
				CURRENT_PROJECT_VERSION = 1;
				GENERATE_INFOPLIST_FILE = YES;
				IPHONEOS_DEPLOYMENT_TARGET = 16.4;
				MARKETING_VERSION = 1.0;
				PRODUCT_BUNDLE_IDENTIFIER = calpoly.SharkSpottingTests;
				PRODUCT_NAME = "$(TARGET_NAME)";
				SWIFT_EMIT_LOC_STRINGS = NO;
				SWIFT_VERSION = 5.0;
				TARGETED_DEVICE_FAMILY = "1,2";
				TEST_HOST = "$(BUILT_PRODUCTS_DIR)/SharkSpotting.app/$(BUNDLE_EXECUTABLE_FOLDER_PATH)/SharkSpotting";
			};
			name = Release;
		};
		B9DF794229DE1E560019C0E5 /* Debug */ = {
			isa = XCBuildConfiguration;
			buildSettings = {
				ALWAYS_EMBED_SWIFT_STANDARD_LIBRARIES = YES;
				CODE_SIGN_STYLE = Automatic;
				CURRENT_PROJECT_VERSION = 1;
				GENERATE_INFOPLIST_FILE = YES;
				MARKETING_VERSION = 1.0;
				PRODUCT_BUNDLE_IDENTIFIER = calpoly.SharkSpottingUITests;
				PRODUCT_NAME = "$(TARGET_NAME)";
				SWIFT_EMIT_LOC_STRINGS = NO;
				SWIFT_VERSION = 5.0;
				TARGETED_DEVICE_FAMILY = "1,2";
				TEST_TARGET_NAME = SharkSpotting;
			};
			name = Debug;
		};
		B9DF794329DE1E560019C0E5 /* Release */ = {
			isa = XCBuildConfiguration;
			buildSettings = {
				ALWAYS_EMBED_SWIFT_STANDARD_LIBRARIES = YES;
				CODE_SIGN_STYLE = Automatic;
				CURRENT_PROJECT_VERSION = 1;
				GENERATE_INFOPLIST_FILE = YES;
				MARKETING_VERSION = 1.0;
				PRODUCT_BUNDLE_IDENTIFIER = calpoly.SharkSpottingUITests;
				PRODUCT_NAME = "$(TARGET_NAME)";
				SWIFT_EMIT_LOC_STRINGS = NO;
				SWIFT_VERSION = 5.0;
				TARGETED_DEVICE_FAMILY = "1,2";
				TEST_TARGET_NAME = SharkSpotting;
			};
			name = Release;
		};
/* End XCBuildConfiguration section */

/* Begin XCConfigurationList section */
		B9DF791229DE1E550019C0E5 /* Build configuration list for PBXProject "SharkSpotting" */ = {
			isa = XCConfigurationList;
			buildConfigurations = (
				B9DF793929DE1E560019C0E5 /* Debug */,
				B9DF793A29DE1E560019C0E5 /* Release */,
			);
			defaultConfigurationIsVisible = 0;
			defaultConfigurationName = Release;
		};
		B9DF793B29DE1E560019C0E5 /* Build configuration list for PBXNativeTarget "SharkSpotting" */ = {
			isa = XCConfigurationList;
			buildConfigurations = (
				B9DF793C29DE1E560019C0E5 /* Debug */,
				B9DF793D29DE1E560019C0E5 /* Release */,
			);
			defaultConfigurationIsVisible = 0;
			defaultConfigurationName = Release;
		};
		B9DF793E29DE1E560019C0E5 /* Build configuration list for PBXNativeTarget "SharkSpottingTests" */ = {
			isa = XCConfigurationList;
			buildConfigurations = (
				B9DF793F29DE1E560019C0E5 /* Debug */,
				B9DF794029DE1E560019C0E5 /* Release */,
			);
			defaultConfigurationIsVisible = 0;
			defaultConfigurationName = Release;
		};
		B9DF794129DE1E560019C0E5 /* Build configuration list for PBXNativeTarget "SharkSpottingUITests" */ = {
			isa = XCConfigurationList;
			buildConfigurations = (
				B9DF794229DE1E560019C0E5 /* Debug */,
				B9DF794329DE1E560019C0E5 /* Release */,
			);
			defaultConfigurationIsVisible = 0;
			defaultConfigurationName = Release;
		};
/* End XCConfigurationList section */
	};
	rootObject = B9DF790F29DE1E550019C0E5 /* Project object */;
}
